{
  "lockfileVersion": 1,
  "configVersion": 0,
  "workspaces": {
    "": {
      "name": "whatsapp-bot-frontend",
      "dependencies": {
        "gsap": "^3.12.7",
      },
    },
  },
  "packages": {
    "gsap": ["gsap@3.12.7", "", {}, "sha512-V4GsyVamhmKefvcAKaoy0h6si0xX7ogwBoBSs2CTJwt7luW0oZzC0LhdkyuKV8PJAXr7Yaj8pMjCKD4GJ+eEMg=="],
  }
}
